// !$*UTF8*$!
{
	archiveVersion = 1;
	classes = {
	};
	objectVersion = 50;
	objects = {

/* Begin PBXBuildFile section */
		1EB9492A236F2850003024E1 /* Subnet IP Calculator for Apple Watch WatchKit App.app in Embed Watch Content */ = {isa = PBXBuildFile; fileRef = 1EB94929236F2850003024E1 /* Subnet IP Calculator for Apple Watch WatchKit App.app */; settings = {ATTRIBUTES = (RemoveHeadersOnCopy, ); }; };
		1EB94930236F2850003024E1 /* Interface.storyboard in Resources */ = {isa = PBXBuildFile; fileRef = 1EB9492E236F2850003024E1 /* Interface.storyboard */; };
		1EB94932236F2853003024E1 /* Assets.xcassets in Resources */ = {isa = PBXBuildFile; fileRef = 1EB94931236F2853003024E1 /* Assets.xcassets */; };
		1EB94939236F2853003024E1 /* Subnet IP Calculator for Apple Watch WatchKit Extension.appex in Embed App Extensions */ = {isa = PBXBuildFile; fileRef = 1EB94938236F2853003024E1 /* Subnet IP Calculator for Apple Watch WatchKit Extension.appex */; settings = {ATTRIBUTES = (RemoveHeadersOnCopy, ); }; };
		1EB9493E236F2853003024E1 /* InterfaceController.swift in Sources */ = {isa = PBXBuildFile; fileRef = 1EB9493D236F2853003024E1 /* InterfaceController.swift */; };
		1EB94940236F2853003024E1 /* ExtensionDelegate.swift in Sources */ = {isa = PBXBuildFile; fileRef = 1EB9493F236F2853003024E1 /* ExtensionDelegate.swift */; };
		1EB94942236F2854003024E1 /* Assets.xcassets in Resources */ = {isa = PBXBuildFile; fileRef = 1EB94941236F2854003024E1 /* Assets.xcassets */; };
/* End PBXBuildFile section */

/* Begin PBXContainerItemProxy section */
		1EB9492B236F2850003024E1 /* PBXContainerItemProxy */ = {
			isa = PBXContainerItemProxy;
			containerPortal = 1EB9491F236F284F003024E1 /* Project object */;
			proxyType = 1;
			remoteGlobalIDString = 1EB94928236F2850003024E1;
			remoteInfo = "Subnet IP Calculator for Apple Watch WatchKit App";
		};
		1EB9493A236F2853003024E1 /* PBXContainerItemProxy */ = {
			isa = PBXContainerItemProxy;
			containerPortal = 1EB9491F236F284F003024E1 /* Project object */;
			proxyType = 1;
			remoteGlobalIDString = 1EB94937236F2853003024E1;
			remoteInfo = "Subnet IP Calculator for Apple Watch WatchKit Extension";
		};
/* End PBXContainerItemProxy section */

/* Begin PBXCopyFilesBuildPhase section */
		1EB94949236F2854003024E1 /* Embed App Extensions */ = {
			isa = PBXCopyFilesBuildPhase;
			buildActionMask = 2147483647;
			dstPath = "";
			dstSubfolderSpec = 13;
			files = (
				1EB94939236F2853003024E1 /* Subnet IP Calculator for Apple Watch WatchKit Extension.appex in Embed App Extensions */,
			);
			name = "Embed App Extensions";
			runOnlyForDeploymentPostprocessing = 0;
		};
		1EB9494D236F2854003024E1 /* Embed Watch Content */ = {
			isa = PBXCopyFilesBuildPhase;
			buildActionMask = 2147483647;
			dstPath = "$(CONTENTS_FOLDER_PATH)/Watch";
			dstSubfolderSpec = 16;
			files = (
				1EB9492A236F2850003024E1 /* Subnet IP Calculator for Apple Watch WatchKit App.app in Embed Watch Content */,
			);
			name = "Embed Watch Content";
			runOnlyForDeploymentPostprocessing = 0;
		};
/* End PBXCopyFilesBuildPhase section */

/* Begin PBXFileReference section */
		1EB94925236F2850003024E1 /* Subnet IP Calculator for Apple Watch.app */ = {isa = PBXFileReference; explicitFileType = wrapper.application; includeInIndex = 0; path = "Subnet IP Calculator for Apple Watch.app"; sourceTree = BUILT_PRODUCTS_DIR; };
		1EB94929236F2850003024E1 /* Subnet IP Calculator for Apple Watch WatchKit App.app */ = {isa = PBXFileReference; explicitFileType = wrapper.application; includeInIndex = 0; path = "Subnet IP Calculator for Apple Watch WatchKit App.app"; sourceTree = BUILT_PRODUCTS_DIR; };
		1EB9492F236F2850003024E1 /* Base */ = {isa = PBXFileReference; lastKnownFileType = file.storyboard; name = Base; path = Base.lproj/Interface.storyboard; sourceTree = "<group>"; };
		1EB94931236F2853003024E1 /* Assets.xcassets */ = {isa = PBXFileReference; lastKnownFileType = folder.assetcatalog; path = Assets.xcassets; sourceTree = "<group>"; };
		1EB94933236F2853003024E1 /* Info.plist */ = {isa = PBXFileReference; lastKnownFileType = text.plist.xml; path = Info.plist; sourceTree = "<group>"; };
		1EB94938236F2853003024E1 /* Subnet IP Calculator for Apple Watch WatchKit Extension.appex */ = {isa = PBXFileReference; explicitFileType = "wrapper.app-extension"; includeInIndex = 0; path = "Subnet IP Calculator for Apple Watch WatchKit Extension.appex"; sourceTree = BUILT_PRODUCTS_DIR; };
		1EB9493D236F2853003024E1 /* InterfaceController.swift */ = {isa = PBXFileReference; lastKnownFileType = sourcecode.swift; path = InterfaceController.swift; sourceTree = "<group>"; };
		1EB9493F236F2853003024E1 /* ExtensionDelegate.swift */ = {isa = PBXFileReference; lastKnownFileType = sourcecode.swift; path = ExtensionDelegate.swift; sourceTree = "<group>"; };
		1EB94941236F2854003024E1 /* Assets.xcassets */ = {isa = PBXFileReference; lastKnownFileType = folder.assetcatalog; path = Assets.xcassets; sourceTree = "<group>"; };
		1EB94943236F2854003024E1 /* Info.plist */ = {isa = PBXFileReference; lastKnownFileType = text.plist.xml; path = Info.plist; sourceTree = "<group>"; };
/* End PBXFileReference section */

/* Begin PBXFrameworksBuildPhase section */
		1EB94935236F2853003024E1 /* Frameworks */ = {
			isa = PBXFrameworksBuildPhase;
			buildActionMask = 2147483647;
			files = (
			);
			runOnlyForDeploymentPostprocessing = 0;
		};
/* End PBXFrameworksBuildPhase section */

/* Begin PBXGroup section */
		1EB9491E236F284F003024E1 = {
			isa = PBXGroup;
			children = (
				1EB9492D236F2850003024E1 /* Subnet IP Calculator for Apple Watch WatchKit App */,
				1EB9493C236F2853003024E1 /* Subnet IP Calculator for Apple Watch WatchKit Extension */,
				1EB94926236F2850003024E1 /* Products */,
			);
			sourceTree = "<group>";
		};
		1EB94926236F2850003024E1 /* Products */ = {
			isa = PBXGroup;
			children = (
				1EB94925236F2850003024E1 /* Subnet IP Calculator for Apple Watch.app */,
				1EB94929236F2850003024E1 /* Subnet IP Calculator for Apple Watch WatchKit App.app */,
				1EB94938236F2853003024E1 /* Subnet IP Calculator for Apple Watch WatchKit Extension.appex */,
			);
			name = Products;
			sourceTree = "<group>";
		};
		1EB9492D236F2850003024E1 /* Subnet IP Calculator for Apple Watch WatchKit App */ = {
			isa = PBXGroup;
			children = (
				1EB9492E236F2850003024E1 /* Interface.storyboard */,
				1EB94931236F2853003024E1 /* Assets.xcassets */,
				1EB94933236F2853003024E1 /* Info.plist */,
			);
			path = "Subnet IP Calculator for Apple Watch WatchKit App";
			sourceTree = "<group>";
		};
		1EB9493C236F2853003024E1 /* Subnet IP Calculator for Apple Watch WatchKit Extension */ = {
			isa = PBXGroup;
			children = (
				1EB9493D236F2853003024E1 /* InterfaceController.swift */,
				1EB9493F236F2853003024E1 /* ExtensionDelegate.swift */,
				1EB94941236F2854003024E1 /* Assets.xcassets */,
				1EB94943236F2854003024E1 /* Info.plist */,
			);
			path = "Subnet IP Calculator for Apple Watch WatchKit Extension";
			sourceTree = "<group>";
		};
/* End PBXGroup section */

/* Begin PBXNativeTarget section */
		1EB94924236F284F003024E1 /* Subnet IP Calculator for Apple Watch */ = {
			isa = PBXNativeTarget;
			buildConfigurationList = 1EB9494E236F2854003024E1 /* Build configuration list for PBXNativeTarget "Subnet IP Calculator for Apple Watch" */;
			buildPhases = (
				1EB94923236F284F003024E1 /* Resources */,
				1EB9494D236F2854003024E1 /* Embed Watch Content */,
			);
			buildRules = (
			);
			dependencies = (
				1EB9492C236F2850003024E1 /* PBXTargetDependency */,
			);
			name = "Subnet IP Calculator for Apple Watch";
			productName = "Subnet IP Calculator for Apple Watch";
			productReference = 1EB94925236F2850003024E1 /* Subnet IP Calculator for Apple Watch.app */;
			productType = "com.apple.product-type.application.watchapp2-container";
		};
		1EB94928236F2850003024E1 /* Subnet IP Calculator for Apple Watch WatchKit App */ = {
			isa = PBXNativeTarget;
			buildConfigurationList = 1EB9494A236F2854003024E1 /* Build configuration list for PBXNativeTarget "Subnet IP Calculator for Apple Watch WatchKit App" */;
			buildPhases = (
				1EB94927236F2850003024E1 /* Resources */,
				1EB94949236F2854003024E1 /* Embed App Extensions */,
			);
			buildRules = (
			);
			dependencies = (
				1EB9493B236F2853003024E1 /* PBXTargetDependency */,
			);
			name = "Subnet IP Calculator for Apple Watch WatchKit App";
			productName = "Subnet IP Calculator for Apple Watch WatchKit App";
			productReference = 1EB94929236F2850003024E1 /* Subnet IP Calculator for Apple Watch WatchKit App.app */;
			productType = "com.apple.product-type.application.watchapp2";
		};
		1EB94937236F2853003024E1 /* Subnet IP Calculator for Apple Watch WatchKit Extension */ = {
			isa = PBXNativeTarget;
			buildConfigurationList = 1EB94946236F2854003024E1 /* Build configuration list for PBXNativeTarget "Subnet IP Calculator for Apple Watch WatchKit Extension" */;
			buildPhases = (
				1EB94934236F2853003024E1 /* Sources */,
				1EB94935236F2853003024E1 /* Frameworks */,
				1EB94936236F2853003024E1 /* Resources */,
			);
			buildRules = (
			);
			dependencies = (
			);
			name = "Subnet IP Calculator for Apple Watch WatchKit Extension";
			productName = "Subnet IP Calculator for Apple Watch WatchKit Extension";
			productReference = 1EB94938236F2853003024E1 /* Subnet IP Calculator for Apple Watch WatchKit Extension.appex */;
			productType = "com.apple.product-type.watchkit2-extension";
		};
/* End PBXNativeTarget section */

/* Begin PBXProject section */
		1EB9491F236F284F003024E1 /* Project object */ = {
			isa = PBXProject;
			attributes = {
				LastSwiftUpdateCheck = 1120;
				LastUpgradeCheck = 1120;
				ORGANIZATIONNAME = "Apostolos Pezodromou";
				TargetAttributes = {
					1EB94924236F284F003024E1 = {
						CreatedOnToolsVersion = 11.2;
					};
					1EB94928236F2850003024E1 = {
						CreatedOnToolsVersion = 11.2;
					};
					1EB94937236F2853003024E1 = {
						CreatedOnToolsVersion = 11.2;
					};
				};
			};
			buildConfigurationList = 1EB94922236F284F003024E1 /* Build configuration list for PBXProject "Subnet IP Calculator for Apple Watch" */;
			compatibilityVersion = "Xcode 9.3";
			developmentRegion = en;
			hasScannedForEncodings = 0;
			knownRegions = (
				en,
				Base,
			);
			mainGroup = 1EB9491E236F284F003024E1;
			productRefGroup = 1EB94926236F2850003024E1 /* Products */;
			projectDirPath = "";
			projectRoot = "";
			targets = (
				1EB94924236F284F003024E1 /* Subnet IP Calculator for Apple Watch */,
				1EB94928236F2850003024E1 /* Subnet IP Calculator for Apple Watch WatchKit App */,
				1EB94937236F2853003024E1 /* Subnet IP Calculator for Apple Watch WatchKit Extension */,
			);
		};
/* End PBXProject section */

/* Begin PBXResourcesBuildPhase section */
		1EB94923236F284F003024E1 /* Resources */ = {
			isa = PBXResourcesBuildPhase;
			buildActionMask = 2147483647;
			files = (
			);
			runOnlyForDeploymentPostprocessing = 0;
		};
		1EB94927236F2850003024E1 /* Resources */ = {
			isa = PBXResourcesBuildPhase;
			buildActionMask = 2147483647;
			files = (
				1EB94932236F2853003024E1 /* Assets.xcassets in Resources */,
				1EB94930236F2850003024E1 /* Interface.storyboard in Resources */,
			);
			runOnlyForDeploymentPostprocessing = 0;
		};
		1EB94936236F2853003024E1 /* Resources */ = {
			isa = PBXResourcesBuildPhase;
			buildActionMask = 2147483647;
			files = (
				1EB94942236F2854003024E1 /* Assets.xcassets in Resources */,
			);
			runOnlyForDeploymentPostprocessing = 0;
		};
/* End PBXResourcesBuildPhase section */

/* Begin PBXSourcesBuildPhase section */
		1EB94934236F2853003024E1 /* Sources */ = {
			isa = PBXSourcesBuildPhase;
			buildActionMask = 2147483647;
			files = (
				1EB94940236F2853003024E1 /* ExtensionDelegate.swift in Sources */,
				1EB9493E236F2853003024E1 /* InterfaceController.swift in Sources */,
			);
			runOnlyForDeploymentPostprocessing = 0;
		};
/* End PBXSourcesBuildPhase section */

/* Begin PBXTargetDependency section */
		1EB9492C236F2850003024E1 /* PBXTargetDependency */ = {
			isa = PBXTargetDependency;
			target = 1EB94928236F2850003024E1 /* Subnet IP Calculator for Apple Watch WatchKit App */;
			targetProxy = 1EB9492B236F2850003024E1 /* PBXContainerItemProxy */;
		};
		1EB9493B236F2853003024E1 /* PBXTargetDependency */ = {
			isa = PBXTargetDependency;
			target = 1EB94937236F2853003024E1 /* Subnet IP Calculator for Apple Watch WatchKit Extension */;
			targetProxy = 1EB9493A236F2853003024E1 /* PBXContainerItemProxy */;
		};
/* End PBXTargetDependency section */

/* Begin PBXVariantGroup section */
		1EB9492E236F2850003024E1 /* Interface.storyboard */ = {
			isa = PBXVariantGroup;
			children = (
				1EB9492F236F2850003024E1 /* Base */,
			);
			name = Interface.storyboard;
			sourceTree = "<group>";
		};
/* End PBXVariantGroup section */

/* Begin XCBuildConfiguration section */
		1EB94944236F2854003024E1 /* Debug */ = {
			isa = XCBuildConfiguration;
			buildSettings = {
				ALWAYS_SEARCH_USER_PATHS = NO;
				CLANG_ANALYZER_NONNULL = YES;
				CLANG_ANALYZER_NUMBER_OBJECT_CONVERSION = YES_AGGRESSIVE;
				CLANG_CXX_LANGUAGE_STANDARD = "gnu++14";
				CLANG_CXX_LIBRARY = "libc++";
				CLANG_ENABLE_MODULES = YES;
				CLANG_ENABLE_OBJC_ARC = YES;
				CLANG_ENABLE_OBJC_WEAK = YES;
				CLANG_WARN_BLOCK_CAPTURE_AUTORELEASING = YES;
				CLANG_WARN_BOOL_CONVERSION = YES;
				CLANG_WARN_COMMA = YES;
				CLANG_WARN_CONSTANT_CONVERSION = YES;
				CLANG_WARN_DEPRECATED_OBJC_IMPLEMENTATIONS = YES;
				CLANG_WARN_DIRECT_OBJC_ISA_USAGE = YES_ERROR;
				CLANG_WARN_DOCUMENTATION_COMMENTS = YES;
				CLANG_WARN_EMPTY_BODY = YES;
				CLANG_WARN_ENUM_CONVERSION = YES;
				CLANG_WARN_INFINITE_RECURSION = YES;
				CLANG_WARN_INT_CONVERSION = YES;
				CLANG_WARN_NON_LITERAL_NULL_CONVERSION = YES;
				CLANG_WARN_OBJC_IMPLICIT_RETAIN_SELF = YES;
				CLANG_WARN_OBJC_LITERAL_CONVERSION = YES;
				CLANG_WARN_OBJC_ROOT_CLASS = YES_ERROR;
				CLANG_WARN_RANGE_LOOP_ANALYSIS = YES;
				CLANG_WARN_STRICT_PROTOTYPES = YES;
				CLANG_WARN_SUSPICIOUS_MOVE = YES;
				CLANG_WARN_UNGUARDED_AVAILABILITY = YES_AGGRESSIVE;
				CLANG_WARN_UNREACHABLE_CODE = YES;
				CLANG_WARN__DUPLICATE_METHOD_MATCH = YES;
				COPY_PHASE_STRIP = NO;
				DEBUG_INFORMATION_FORMAT = dwarf;
				ENABLE_STRICT_OBJC_MSGSEND = YES;
				ENABLE_TESTABILITY = YES;
				GCC_C_LANGUAGE_STANDARD = gnu11;
				GCC_DYNAMIC_NO_PIC = NO;
				GCC_NO_COMMON_BLOCKS = YES;
				GCC_OPTIMIZATION_LEVEL = 0;
				GCC_PREPROCESSOR_DEFINITIONS = (
					"DEBUG=1",
					"$(inherited)",
				);
				GCC_WARN_64_TO_32_BIT_CONVERSION = YES;
				GCC_WARN_ABOUT_RETURN_TYPE = YES_ERROR;
				GCC_WARN_UNDECLARED_SELECTOR = YES;
				GCC_WARN_UNINITIALIZED_AUTOS = YES_AGGRESSIVE;
				GCC_WARN_UNUSED_FUNCTION = YES;
				GCC_WARN_UNUSED_VARIABLE = YES;
				MTL_ENABLE_DEBUG_INFO = INCLUDE_SOURCE;
				MTL_FAST_MATH = YES;
				ONLY_ACTIVE_ARCH = YES;
				SDKROOT = iphoneos;
				SWIFT_ACTIVE_COMPILATION_CONDITIONS = DEBUG;
				SWIFT_OPTIMIZATION_LEVEL = "-Onone";
			};
			name = Debug;
		};
		1EB94945236F2854003024E1 /* Release */ = {
			isa = XCBuildConfiguration;
			buildSettings = {
				ALWAYS_SEARCH_USER_PATHS = NO;
				CLANG_ANALYZER_NONNULL = YES;
				CLANG_ANALYZER_NUMBER_OBJECT_CONVERSION = YES_AGGRESSIVE;
				CLANG_CXX_LANGUAGE_STANDARD = "gnu++14";
				CLANG_CXX_LIBRARY = "libc++";
				CLANG_ENABLE_MODULES = YES;
				CLANG_ENABLE_OBJC_ARC = YES;
				CLANG_ENABLE_OBJC_WEAK = YES;
				CLANG_WARN_BLOCK_CAPTURE_AUTORELEASING = YES;
				CLANG_WARN_BOOL_CONVERSION = YES;
				CLANG_WARN_COMMA = YES;
				CLANG_WARN_CONSTANT_CONVERSION = YES;
				CLANG_WARN_DEPRECATED_OBJC_IMPLEMENTATIONS = YES;
				CLANG_WARN_DIRECT_OBJC_ISA_USAGE = YES_ERROR;
				CLANG_WARN_DOCUMENTATION_COMMENTS = YES;
				CLANG_WARN_EMPTY_BODY = YES;
				CLANG_WARN_ENUM_CONVERSION = YES;
				CLANG_WARN_INFINITE_RECURSION = YES;
				CLANG_WARN_INT_CONVERSION = YES;
				CLANG_WARN_NON_LITERAL_NULL_CONVERSION = YES;
				CLANG_WARN_OBJC_IMPLICIT_RETAIN_SELF = YES;
				CLANG_WARN_OBJC_LITERAL_CONVERSION = YES;
				CLANG_WARN_OBJC_ROOT_CLASS = YES_ERROR;
				CLANG_WARN_RANGE_LOOP_ANALYSIS = YES;
				CLANG_WARN_STRICT_PROTOTYPES = YES;
				CLANG_WARN_SUSPICIOUS_MOVE = YES;
				CLANG_WARN_UNGUARDED_AVAILABILITY = YES_AGGRESSIVE;
				CLANG_WARN_UNREACHABLE_CODE = YES;
				CLANG_WARN__DUPLICATE_METHOD_MATCH = YES;
				COPY_PHASE_STRIP = NO;
				DEBUG_INFORMATION_FORMAT = "dwarf-with-dsym";
				ENABLE_NS_ASSERTIONS = NO;
				ENABLE_STRICT_OBJC_MSGSEND = YES;
				GCC_C_LANGUAGE_STANDARD = gnu11;
				GCC_NO_COMMON_BLOCKS = YES;
				GCC_WARN_64_TO_32_BIT_CONVERSION = YES;
				GCC_WARN_ABOUT_RETURN_TYPE = YES_ERROR;
				GCC_WARN_UNDECLARED_SELECTOR = YES;
				GCC_WARN_UNINITIALIZED_AUTOS = YES_AGGRESSIVE;
				GCC_WARN_UNUSED_FUNCTION = YES;
				GCC_WARN_UNUSED_VARIABLE = YES;
				MTL_ENABLE_DEBUG_INFO = NO;
				MTL_FAST_MATH = YES;
				SDKROOT = iphoneos;
				SWIFT_COMPILATION_MODE = wholemodule;
				SWIFT_OPTIMIZATION_LEVEL = "-O";
				VALIDATE_PRODUCT = YES;
			};
			name = Release;
		};
		1EB94947236F2854003024E1 /* Debug */ = {
			isa = XCBuildConfiguration;
			buildSettings = {
				ASSETCATALOG_COMPILER_COMPLICATION_NAME = Complication;
				CODE_SIGN_STYLE = Automatic;
				DEVELOPMENT_TEAM = 622XFR4289;
				INFOPLIST_FILE = "Subnet IP Calculator for Apple Watch WatchKit Extension/Info.plist";
				LD_RUNPATH_SEARCH_PATHS = (
					"$(inherited)",
					"@executable_path/Frameworks",
					"@executable_path/../../Frameworks",
				);
				PRODUCT_BUNDLE_IDENTIFIER = "com.subentApplewatchApostolos.Subnet-IP-Calculator-for-Apple-Watch.watchkitapp.watchkitextension";
				PRODUCT_NAME = "${TARGET_NAME}";
				SDKROOT = watchos;
				SKIP_INSTALL = YES;
				SWIFT_VERSION = 5.0;
				TARGETED_DEVICE_FAMILY = 4;
				WATCHOS_DEPLOYMENT_TARGET = 6.1;
			};
			name = Debug;
		};
		1EB94948236F2854003024E1 /* Release */ = {
			isa = XCBuildConfiguration;
			buildSettings = {
				ASSETCATALOG_COMPILER_COMPLICATION_NAME = Complication;
				CODE_SIGN_STYLE = Automatic;
				DEVELOPMENT_TEAM = 622XFR4289;
				INFOPLIST_FILE = "Subnet IP Calculator for Apple Watch WatchKit Extension/Info.plist";
				LD_RUNPATH_SEARCH_PATHS = (
					"$(inherited)",
					"@executable_path/Frameworks",
					"@executable_path/../../Frameworks",
				);
				PRODUCT_BUNDLE_IDENTIFIER = "com.subentApplewatchApostolos.Subnet-IP-Calculator-for-Apple-Watch.watchkitapp.watchkitextension";
				PRODUCT_NAME = "${TARGET_NAME}";
				SDKROOT = watchos;
				SKIP_INSTALL = YES;
				SWIFT_VERSION = 5.0;
				TARGETED_DEVICE_FAMILY = 4;
				WATCHOS_DEPLOYMENT_TARGET = 6.1;
			};
			name = Release;
		};
		1EB9494B236F2854003024E1 /* Debug */ = {
			isa = XCBuildConfiguration;
			buildSettings = {
				ALWAYS_EMBED_SWIFT_STANDARD_LIBRARIES = YES;
				ASSETCATALOG_COMPILER_APPICON_NAME = AppIcon;
				CODE_SIGN_STYLE = Automatic;
				DEVELOPMENT_TEAM = 622XFR4289;
				IBSC_MODULE = Subnet_IP_Calculator_for_Apple_Watch_WatchKit_Extension;
				INFOPLIST_FILE = "Subnet IP Calculator for Apple Watch WatchKit App/Info.plist";
				PRODUCT_BUNDLE_IDENTIFIER = "com.subentApplewatchApostolos.Subnet-IP-Calculator-for-Apple-Watch.watchkitapp";
				PRODUCT_NAME = "$(TARGET_NAME)";
				SDKROOT = watchos;
				SKIP_INSTALL = YES;
				SWIFT_VERSION = 5.0;
				TARGETED_DEVICE_FAMILY = 4;
				WATCHOS_DEPLOYMENT_TARGET = 6.1;
			};
			name = Debug;
		};
		1EB9494C236F2854003024E1 /* Release */ = {
			isa = XCBuildConfiguration;
			buildSettings = {
				ALWAYS_EMBED_SWIFT_STANDARD_LIBRARIES = YES;
				ASSETCATALOG_COMPILER_APPICON_NAME = AppIcon;
				CODE_SIGN_STYLE = Automatic;
				DEVELOPMENT_TEAM = 622XFR4289;
				IBSC_MODULE = Subnet_IP_Calculator_for_Apple_Watch_WatchKit_Extension;
				INFOPLIST_FILE = "Subnet IP Calculator for Apple Watch WatchKit App/Info.plist";
				PRODUCT_BUNDLE_IDENTIFIER = "com.subentApplewatchApostolos.Subnet-IP-Calculator-for-Apple-Watch.watchkitapp";
				PRODUCT_NAME = "$(TARGET_NAME)";
				SDKROOT = watchos;
				SKIP_INSTALL = YES;
				SWIFT_VERSION = 5.0;
				TARGETED_DEVICE_FAMILY = 4;
				WATCHOS_DEPLOYMENT_TARGET = 6.1;
			};
			name = Release;
		};
		1EB9494F236F2854003024E1 /* Debug */ = {
			isa = XCBuildConfiguration;
			buildSettings = {
				CODE_SIGN_STYLE = Automatic;
				CURRENT_PROJECT_VERSION = 1;
				DEVELOPMENT_TEAM = 622XFR4289;
				MARKETING_VERSION = 1.0;
				PRODUCT_BUNDLE_IDENTIFIER = "com.subentApplewatchApostolos.Subnet-IP-Calculator-for-Apple-Watch";
				PRODUCT_NAME = "$(TARGET_NAME)";
				SWIFT_VERSION = 5.0;
			};
			name = Debug;
		};
		1EB94950236F2854003024E1 /* Release */ = {
			isa = XCBuildConfiguration;
			buildSettings = {
				CODE_SIGN_STYLE = Automatic;
				CURRENT_PROJECT_VERSION = 1;
				DEVELOPMENT_TEAM = 622XFR4289;
				MARKETING_VERSION = 1.0;
				PRODUCT_BUNDLE_IDENTIFIER = "com.subentApplewatchApostolos.Subnet-IP-Calculator-for-Apple-Watch";
				PRODUCT_NAME = "$(TARGET_NAME)";
				SWIFT_VERSION = 5.0;
			};
			name = Release;
		};
/* End XCBuildConfiguration section */

/* Begin XCConfigurationList section */
		1EB94922236F284F003024E1 /* Build configuration list for PBXProject "Subnet IP Calculator for Apple Watch" */ = {
			isa = XCConfigurationList;
			buildConfigurations = (
				1EB94944236F2854003024E1 /* Debug */,
				1EB94945236F2854003024E1 /* Release */,
			);
			defaultConfigurationIsVisible = 0;
			defaultConfigurationName = Release;
		};
		1EB94946236F2854003024E1 /* Build configuration list for PBXNativeTarget "Subnet IP Calculator for Apple Watch WatchKit Extension" */ = {
			isa = XCConfigurationList;
			buildConfigurations = (
				1EB94947236F2854003024E1 /* Debug */,
				1EB94948236F2854003024E1 /* Release */,
			);
			defaultConfigurationIsVisible = 0;
			defaultConfigurationName = Release;
		};
		1EB9494A236F2854003024E1 /* Build configuration list for PBXNativeTarget "Subnet IP Calculator for Apple Watch WatchKit App" */ = {
			isa = XCConfigurationList;
			buildConfigurations = (
				1EB9494B236F2854003024E1 /* Debug */,
				1EB9494C236F2854003024E1 /* Release */,
			);
			defaultConfigurationIsVisible = 0;
			defaultConfigurationName = Release;
		};
		1EB9494E236F2854003024E1 /* Build configuration list for PBXNativeTarget "Subnet IP Calculator for Apple Watch" */ = {
			isa = XCConfigurationList;
			buildConfigurations = (
				1EB9494F236F2854003024E1 /* Debug */,
				1EB94950236F2854003024E1 /* Release */,
			);
			defaultConfigurationIsVisible = 0;
			defaultConfigurationName = Release;
		};
/* End XCConfigurationList section */
	};
	rootObject = 1EB9491F236F284F003024E1 /* Project object */;
}
